
Microsoft Visual Studio Solution File, Format Version 12.00
# Visual Studio Version 16
VisualStudioVersion = 16.0.28803.352
MinimumVisualStudioVersion = 10.0.40219.1
Project("{8BC9CEB8-8B4A-11D0-8D11-00A0C91BC942}") = "항목02", "항목2\항목2.vcxproj", "{8CA8CD76-6B90-40E5-BB0C-8D74B7B88AC0}"
EndProject
Project("{8BC9CEB8-8B4A-11D0-8D11-00A0C91BC942}") = "항목03", "항목3\항목3.vcxproj", "{AA978753-75D0-47F0-9096-9ABC8353B636}"
EndProject
Project("{8BC9CEB8-8B4A-11D0-8D11-00A0C91BC942}") = "항목04", "항목4\항목4.vcxproj", "{B023F5EB-1AF4-44C7-A0DF-F7C032CAB216}"
EndProject
Project("{8BC9CEB8-8B4A-11D0-8D11-00A0C91BC942}") = "항목01", "항목1\항목1.vcxproj", "{E3FFDAD7-A4C8-4199-BE7B-84A526315CB3}"
EndProject
Project("{8BC9CEB8-8B4A-11D0-8D11-00A0C91BC942}") = "항목05", "항목5\항목5.vcxproj", "{B96379A9-0C18-4213-B1DD-9F8D3BC0CEB2}"
EndProject
Project("{8BC9CEB8-8B4A-11D0-8D11-00A0C91BC942}") = "항목06", "항목6\항목6.vcxproj", "{8C33F2E3-51E1-424D-9060-AC05486EC3DD}"
EndProject
Project("{8BC9CEB8-8B4A-11D0-8D11-00A0C91BC942}") = "항목07", "항목7\항목7.vcxproj", "{E6055265-1340-43E3-A549-0BB258F75799}"
EndProject
Project("{8BC9CEB8-8B4A-11D0-8D11-00A0C91BC942}") = "항목08", "항목8\항목8.vcxproj", "{663591C7-D2E2-4DF8-8DC5-7DF15A3B3B0B}"
EndProject
Project("{8BC9CEB8-8B4A-11D0-8D11-00A0C91BC942}") = "항목09", "항목9\항목9.vcxproj", "{C911A3CC-D104-48FA-8D16-2B9666E7C3C0}"
EndProject
Project("{8BC9CEB8-8B4A-11D0-8D11-00A0C91BC942}") = "항목10", "항목10\항목10.vcxproj", "{26A50273-6C6C-4B09-A124-2B452A1788C7}"
EndProject
Project("{8BC9CEB8-8B4A-11D0-8D11-00A0C91BC942}") = "항목11", "항목11\항목11.vcxproj", "{D7744426-D304-49E6-9F1B-4704A176AA96}"
EndProject
Project("{8BC9CEB8-8B4A-11D0-8D11-00A0C91BC942}") = "항목12", "항목12\항목12.vcxproj", "{E7232694-3D12-49C5-B801-051D3D20F42B}"
EndProject
Global
	GlobalSection(SolutionConfigurationPlatforms) = preSolution
		Debug|x64 = Debug|x64
		Debug|x86 = Debug|x86
		Release|x64 = Release|x64
		Release|x86 = Release|x86
	EndGlobalSection
	GlobalSection(ProjectConfigurationPlatforms) = postSolution
		{8CA8CD76-6B90-40E5-BB0C-8D74B7B88AC0}.Debug|x64.ActiveCfg = Debug|x64
		{8CA8CD76-6B90-40E5-BB0C-8D74B7B88AC0}.Debug|x64.Build.0 = Debug|x64
		{8CA8CD76-6B90-40E5-BB0C-8D74B7B88AC0}.Debug|x86.ActiveCfg = Debug|Win32
		{8CA8CD76-6B90-40E5-BB0C-8D74B7B88AC0}.Debug|x86.Build.0 = Debug|Win32
		{8CA8CD76-6B90-40E5-BB0C-8D74B7B88AC0}.Release|x64.ActiveCfg = Release|x64
		{8CA8CD76-6B90-40E5-BB0C-8D74B7B88AC0}.Release|x64.Build.0 = Release|x64
		{8CA8CD76-6B90-40E5-BB0C-8D74B7B88AC0}.Release|x86.ActiveCfg = Release|Win32
		{8CA8CD76-6B90-40E5-BB0C-8D74B7B88AC0}.Release|x86.Build.0 = Release|Win32
		{AA978753-75D0-47F0-9096-9ABC8353B636}.Debug|x64.ActiveCfg = Debug|x64
		{AA978753-75D0-47F0-9096-9ABC8353B636}.Debug|x64.Build.0 = Debug|x64
		{AA978753-75D0-47F0-9096-9ABC8353B636}.Debug|x86.ActiveCfg = Debug|Win32
		{AA978753-75D0-47F0-9096-9ABC8353B636}.Debug|x86.Build.0 = Debug|Win32
		{AA978753-75D0-47F0-9096-9ABC8353B636}.Release|x64.ActiveCfg = Release|x64
		{AA978753-75D0-47F0-9096-9ABC8353B636}.Release|x64.Build.0 = Release|x64
		{AA978753-75D0-47F0-9096-9ABC8353B636}.Release|x86.ActiveCfg = Release|Win32
		{AA978753-75D0-47F0-9096-9ABC8353B636}.Release|x86.Build.0 = Release|Win32
		{B023F5EB-1AF4-44C7-A0DF-F7C032CAB216}.Debug|x64.ActiveCfg = Debug|x64
		{B023F5EB-1AF4-44C7-A0DF-F7C032CAB216}.Debug|x64.Build.0 = Debug|x64
		{B023F5EB-1AF4-44C7-A0DF-F7C032CAB216}.Debug|x86.ActiveCfg = Debug|Win32
		{B023F5EB-1AF4-44C7-A0DF-F7C032CAB216}.Debug|x86.Build.0 = Debug|Win32
		{B023F5EB-1AF4-44C7-A0DF-F7C032CAB216}.Release|x64.ActiveCfg = Release|x64
		{B023F5EB-1AF4-44C7-A0DF-F7C032CAB216}.Release|x64.Build.0 = Release|x64
		{B023F5EB-1AF4-44C7-A0DF-F7C032CAB216}.Release|x86.ActiveCfg = Release|Win32
		{B023F5EB-1AF4-44C7-A0DF-F7C032CAB216}.Release|x86.Build.0 = Release|Win32
		{E3FFDAD7-A4C8-4199-BE7B-84A526315CB3}.Debug|x64.ActiveCfg = Debug|x64
		{E3FFDAD7-A4C8-4199-BE7B-84A526315CB3}.Debug|x64.Build.0 = Debug|x64
		{E3FFDAD7-A4C8-4199-BE7B-84A526315CB3}.Debug|x86.ActiveCfg = Debug|Win32
		{E3FFDAD7-A4C8-4199-BE7B-84A526315CB3}.Debug|x86.Build.0 = Debug|Win32
		{E3FFDAD7-A4C8-4199-BE7B-84A526315CB3}.Release|x64.ActiveCfg = Release|x64
		{E3FFDAD7-A4C8-4199-BE7B-84A526315CB3}.Release|x64.Build.0 = Release|x64
		{E3FFDAD7-A4C8-4199-BE7B-84A526315CB3}.Release|x86.ActiveCfg = Release|Win32
		{E3FFDAD7-A4C8-4199-BE7B-84A526315CB3}.Release|x86.Build.0 = Release|Win32
		{B96379A9-0C18-4213-B1DD-9F8D3BC0CEB2}.Debug|x64.ActiveCfg = Debug|x64
		{B96379A9-0C18-4213-B1DD-9F8D3BC0CEB2}.Debug|x64.Build.0 = Debug|x64
		{B96379A9-0C18-4213-B1DD-9F8D3BC0CEB2}.Debug|x86.ActiveCfg = Debug|Win32
		{B96379A9-0C18-4213-B1DD-9F8D3BC0CEB2}.Debug|x86.Build.0 = Debug|Win32
		{B96379A9-0C18-4213-B1DD-9F8D3BC0CEB2}.Release|x64.ActiveCfg = Release|x64
		{B96379A9-0C18-4213-B1DD-9F8D3BC0CEB2}.Release|x64.Build.0 = Release|x64
		{B96379A9-0C18-4213-B1DD-9F8D3BC0CEB2}.Release|x86.ActiveCfg = Release|Win32
		{B96379A9-0C18-4213-B1DD-9F8D3BC0CEB2}.Release|x86.Build.0 = Release|Win32
		{8C33F2E3-51E1-424D-9060-AC05486EC3DD}.Debug|x64.ActiveCfg = Debug|x64
		{8C33F2E3-51E1-424D-9060-AC05486EC3DD}.Debug|x64.Build.0 = Debug|x64
		{8C33F2E3-51E1-424D-9060-AC05486EC3DD}.Debug|x86.ActiveCfg = Debug|Win32
		{8C33F2E3-51E1-424D-9060-AC05486EC3DD}.Debug|x86.Build.0 = Debug|Win32
		{8C33F2E3-51E1-424D-9060-AC05486EC3DD}.Release|x64.ActiveCfg = Release|x64
		{8C33F2E3-51E1-424D-9060-AC05486EC3DD}.Release|x64.Build.0 = Release|x64
		{8C33F2E3-51E1-424D-9060-AC05486EC3DD}.Release|x86.ActiveCfg = Release|Win32
		{8C33F2E3-51E1-424D-9060-AC05486EC3DD}.Release|x86.Build.0 = Release|Win32
		{E6055265-1340-43E3-A549-0BB258F75799}.Debug|x64.ActiveCfg = Debug|x64
		{E6055265-1340-43E3-A549-0BB258F75799}.Debug|x64.Build.0 = Debug|x64
		{E6055265-1340-43E3-A549-0BB258F75799}.Debug|x86.ActiveCfg = Debug|Win32
		{E6055265-1340-43E3-A549-0BB258F75799}.Debug|x86.Build.0 = Debug|Win32
		{E6055265-1340-43E3-A549-0BB258F75799}.Release|x64.ActiveCfg = Release|x64
		{E6055265-1340-43E3-A549-0BB258F75799}.Release|x64.Build.0 = Release|x64
		{E6055265-1340-43E3-A549-0BB258F75799}.Release|x86.ActiveCfg = Release|Win32
		{E6055265-1340-43E3-A549-0BB258F75799}.Release|x86.Build.0 = Release|Win32
		{663591C7-D2E2-4DF8-8DC5-7DF15A3B3B0B}.Debug|x64.ActiveCfg = Debug|x64
		{663591C7-D2E2-4DF8-8DC5-7DF15A3B3B0B}.Debug|x64.Build.0 = Debug|x64
		{663591C7-D2E2-4DF8-8DC5-7DF15A3B3B0B}.Debug|x86.ActiveCfg = Debug|Win32
		{663591C7-D2E2-4DF8-8DC5-7DF15A3B3B0B}.Debug|x86.Build.0 = Debug|Win32
		{663591C7-D2E2-4DF8-8DC5-7DF15A3B3B0B}.Release|x64.ActiveCfg = Release|x64
		{663591C7-D2E2-4DF8-8DC5-7DF15A3B3B0B}.Release|x64.Build.0 = Release|x64
		{663591C7-D2E2-4DF8-8DC5-7DF15A3B3B0B}.Release|x86.ActiveCfg = Release|Win32
		{663591C7-D2E2-4DF8-8DC5-7DF15A3B3B0B}.Release|x86.Build.0 = Release|Win32
		{C911A3CC-D104-48FA-8D16-2B9666E7C3C0}.Debug|x64.ActiveCfg = Debug|x64
		{C911A3CC-D104-48FA-8D16-2B9666E7C3C0}.Debug|x64.Build.0 = Debug|x64
		{C911A3CC-D104-48FA-8D16-2B9666E7C3C0}.Debug|x86.ActiveCfg = Debug|Win32
		{C911A3CC-D104-48FA-8D16-2B9666E7C3C0}.Debug|x86.Build.0 = Debug|Win32
		{C911A3CC-D104-48FA-8D16-2B9666E7C3C0}.Release|x64.ActiveCfg = Release|x64
		{C911A3CC-D104-48FA-8D16-2B9666E7C3C0}.Release|x64.Build.0 = Release|x64
		{C911A3CC-D104-48FA-8D16-2B9666E7C3C0}.Release|x86.ActiveCfg = Release|Win32
		{C911A3CC-D104-48FA-8D16-2B9666E7C3C0}.Release|x86.Build.0 = Release|Win32
		{26A50273-6C6C-4B09-A124-2B452A1788C7}.Debug|x64.ActiveCfg = Debug|x64
		{26A50273-6C6C-4B09-A124-2B452A1788C7}.Debug|x64.Build.0 = Debug|x64
		{26A50273-6C6C-4B09-A124-2B452A1788C7}.Debug|x86.ActiveCfg = Debug|Win32
		{26A50273-6C6C-4B09-A124-2B452A1788C7}.Debug|x86.Build.0 = Debug|Win32
		{26A50273-6C6C-4B09-A124-2B452A1788C7}.Release|x64.ActiveCfg = Release|x64
		{26A50273-6C6C-4B09-A124-2B452A1788C7}.Release|x64.Build.0 = Release|x64
		{26A50273-6C6C-4B09-A124-2B452A1788C7}.Release|x86.ActiveCfg = Release|Win32
		{26A50273-6C6C-4B09-A124-2B452A1788C7}.Release|x86.Build.0 = Release|Win32
		{D7744426-D304-49E6-9F1B-4704A176AA96}.Debug|x64.ActiveCfg = Debug|x64
		{D7744426-D304-49E6-9F1B-4704A176AA96}.Debug|x64.Build.0 = Debug|x64
		{D7744426-D304-49E6-9F1B-4704A176AA96}.Debug|x86.ActiveCfg = Debug|Win32
		{D7744426-D304-49E6-9F1B-4704A176AA96}.Debug|x86.Build.0 = Debug|Win32
		{D7744426-D304-49E6-9F1B-4704A176AA96}.Release|x64.ActiveCfg = Release|x64
		{D7744426-D304-49E6-9F1B-4704A176AA96}.Release|x64.Build.0 = Release|x64
		{D7744426-D304-49E6-9F1B-4704A176AA96}.Release|x86.ActiveCfg = Release|Win32
		{D7744426-D304-49E6-9F1B-4704A176AA96}.Release|x86.Build.0 = Release|Win32
		{E7232694-3D12-49C5-B801-051D3D20F42B}.Debug|x64.ActiveCfg = Debug|x64
		{E7232694-3D12-49C5-B801-051D3D20F42B}.Debug|x64.Build.0 = Debug|x64
		{E7232694-3D12-49C5-B801-051D3D20F42B}.Debug|x86.ActiveCfg = Debug|Win32
		{E7232694-3D12-49C5-B801-051D3D20F42B}.Debug|x86.Build.0 = Debug|Win32
		{E7232694-3D12-49C5-B801-051D3D20F42B}.Release|x64.ActiveCfg = Release|x64
		{E7232694-3D12-49C5-B801-051D3D20F42B}.Release|x64.Build.0 = Release|x64
		{E7232694-3D12-49C5-B801-051D3D20F42B}.Release|x86.ActiveCfg = Release|Win32
		{E7232694-3D12-49C5-B801-051D3D20F42B}.Release|x86.Build.0 = Release|Win32
	EndGlobalSection
	GlobalSection(SolutionProperties) = preSolution
		HideSolutionNode = FALSE
	EndGlobalSection
	GlobalSection(ExtensibilityGlobals) = postSolution
		SolutionGuid = {DC18DD2A-3437-4012-B436-044C27FEC840}
	EndGlobalSection
EndGlobal
